// !$*UTF8*$!
{
	archiveVersion = 1;
	classes = {
	};
	objectVersion = 50;
	objects = {

/* Begin PBXBuildFile section */
		8209A86424509961007CF776 /* ConverterService.swift in Sources */ = {isa = PBXBuildFile; fileRef = 8209A86324509961007CF776 /* ConverterService.swift */; };
		823EBB312450318700A8A2EB /* AppSceneDelegate.swift in Sources */ = {isa = PBXBuildFile; fileRef = 823EBB302450318700A8A2EB /* AppSceneDelegate.swift */; };
		826348EE2450B5B300FC892B /* APIKeyManager.swift in Sources */ = {isa = PBXBuildFile; fileRef = 826348ED2450B5B300FC892B /* APIKeyManager.swift */; };
		82CFE1A824500C20006F4DC4 /* AppDelegate.swift in Sources */ = {isa = PBXBuildFile; fileRef = 82CFE1A724500C20006F4DC4 /* AppDelegate.swift */; };
		82CFE1AF24500C20006F4DC4 /* Main.storyboard in Resources */ = {isa = PBXBuildFile; fileRef = 82CFE1AD24500C20006F4DC4 /* Main.storyboard */; };
		82CFE1B124500C21006F4DC4 /* Assets.xcassets in Resources */ = {isa = PBXBuildFile; fileRef = 82CFE1B024500C21006F4DC4 /* Assets.xcassets */; };
		82CFE1B424500C21006F4DC4 /* LaunchScreen.storyboard in Resources */ = {isa = PBXBuildFile; fileRef = 82CFE1B224500C21006F4DC4 /* LaunchScreen.storyboard */; };
		82CFE1C024502725006F4DC4 /* TauxDeChangeViewController.swift in Sources */ = {isa = PBXBuildFile; fileRef = 82CFE1BF24502725006F4DC4 /* TauxDeChangeViewController.swift */; };
/* End PBXBuildFile section */

/* Begin PBXFileReference section */
		8209A86324509961007CF776 /* ConverterService.swift */ = {isa = PBXFileReference; lastKnownFileType = sourcecode.swift; path = ConverterService.swift; sourceTree = "<group>"; };
		823EBB302450318700A8A2EB /* AppSceneDelegate.swift */ = {isa = PBXFileReference; lastKnownFileType = sourcecode.swift; path = AppSceneDelegate.swift; sourceTree = "<group>"; };
		826348ED2450B5B300FC892B /* APIKeyManager.swift */ = {isa = PBXFileReference; fileEncoding = 4; lastKnownFileType = sourcecode.swift; path = APIKeyManager.swift; sourceTree = SOURCE_ROOT; };
		82CFE1A424500C20006F4DC4 /* Baluchon.app */ = {isa = PBXFileReference; explicitFileType = wrapper.application; includeInIndex = 0; path = Baluchon.app; sourceTree = BUILT_PRODUCTS_DIR; };
		82CFE1A724500C20006F4DC4 /* AppDelegate.swift */ = {isa = PBXFileReference; lastKnownFileType = sourcecode.swift; path = AppDelegate.swift; sourceTree = "<group>"; };
		82CFE1AE24500C20006F4DC4 /* Base */ = {isa = PBXFileReference; lastKnownFileType = file.storyboard; name = Base; path = Base.lproj/Main.storyboard; sourceTree = "<group>"; };
		82CFE1B024500C21006F4DC4 /* Assets.xcassets */ = {isa = PBXFileReference; lastKnownFileType = folder.assetcatalog; path = Assets.xcassets; sourceTree = "<group>"; };
		82CFE1B324500C21006F4DC4 /* Base */ = {isa = PBXFileReference; lastKnownFileType = file.storyboard; name = Base; path = Base.lproj/LaunchScreen.storyboard; sourceTree = "<group>"; };
		82CFE1B524500C21006F4DC4 /* Info.plist */ = {isa = PBXFileReference; lastKnownFileType = text.plist.xml; path = Info.plist; sourceTree = "<group>"; };
		82CFE1BF24502725006F4DC4 /* TauxDeChangeViewController.swift */ = {isa = PBXFileReference; lastKnownFileType = sourcecode.swift; path = TauxDeChangeViewController.swift; sourceTree = "<group>"; };
/* End PBXFileReference section */

/* Begin PBXFrameworksBuildPhase section */
		82CFE1A124500C20006F4DC4 /* Frameworks */ = {
			isa = PBXFrameworksBuildPhase;
			buildActionMask = 2147483647;
			files = (
			);
			runOnlyForDeploymentPostprocessing = 0;
		};
/* End PBXFrameworksBuildPhase section */

/* Begin PBXGroup section */
		82CFE19B24500C20006F4DC4 = {
			isa = PBXGroup;
			children = (
				82CFE1A624500C20006F4DC4 /* Baluchon */,
				82CFE1A524500C20006F4DC4 /* Products */,
			);
			sourceTree = "<group>";
		};
		82CFE1A524500C20006F4DC4 /* Products */ = {
			isa = PBXGroup;
			children = (
				82CFE1A424500C20006F4DC4 /* Baluchon.app */,
			);
			name = Products;
			sourceTree = "<group>";
		};
		82CFE1A624500C20006F4DC4 /* Baluchon */ = {
			isa = PBXGroup;
			children = (
				82CFE1A724500C20006F4DC4 /* AppDelegate.swift */,
				823EBB302450318700A8A2EB /* AppSceneDelegate.swift */,
				82CFE1B524500C21006F4DC4 /* Info.plist */,
				82CFE1B024500C21006F4DC4 /* Assets.xcassets */,
				826348ED2450B5B300FC892B /* APIKeyManager.swift */,
				82CFE1BC24501226006F4DC4 /* Model */,
				82CFE1BE24501242006F4DC4 /* Controller */,
				82CFE1BD2450122B006F4DC4 /* View */,
			);
			path = Baluchon;
			sourceTree = "<group>";
		};
		82CFE1BC24501226006F4DC4 /* Model */ = {
			isa = PBXGroup;
			children = (
				8209A86324509961007CF776 /* ConverterService.swift */,
			);
			path = Model;
			sourceTree = "<group>";
		};
		82CFE1BD2450122B006F4DC4 /* View */ = {
			isa = PBXGroup;
			children = (
				82CFE1AD24500C20006F4DC4 /* Main.storyboard */,
				82CFE1B224500C21006F4DC4 /* LaunchScreen.storyboard */,
			);
			path = View;
			sourceTree = "<group>";
		};
		82CFE1BE24501242006F4DC4 /* Controller */ = {
			isa = PBXGroup;
			children = (
				82CFE1BF24502725006F4DC4 /* TauxDeChangeViewController.swift */,
			);
			path = Controller;
			sourceTree = "<group>";
		};
/* End PBXGroup section */

/* Begin PBXNativeTarget section */
		82CFE1A324500C20006F4DC4 /* Baluchon */ = {
			isa = PBXNativeTarget;
			buildConfigurationList = 82CFE1B824500C21006F4DC4 /* Build configuration list for PBXNativeTarget "Baluchon" */;
			buildPhases = (
				82CFE1A024500C20006F4DC4 /* Sources */,
				82CFE1A124500C20006F4DC4 /* Frameworks */,
				82CFE1A224500C20006F4DC4 /* Resources */,
				82CFE1BB24500FAF006F4DC4 /* ShellScript */,
			);
			buildRules = (
			);
			dependencies = (
			);
			name = Baluchon;
			productName = Baluchon;
			productReference = 82CFE1A424500C20006F4DC4 /* Baluchon.app */;
			productType = "com.apple.product-type.application";
		};
/* End PBXNativeTarget section */

/* Begin PBXProject section */
		82CFE19C24500C20006F4DC4 /* Project object */ = {
			isa = PBXProject;
			attributes = {
				LastSwiftUpdateCheck = 1140;
				LastUpgradeCheck = 1140;
				ORGANIZATIONNAME = Cedric;
				TargetAttributes = {
					82CFE1A324500C20006F4DC4 = {
						CreatedOnToolsVersion = 11.4.1;
					};
				};
			};
			buildConfigurationList = 82CFE19F24500C20006F4DC4 /* Build configuration list for PBXProject "Baluchon" */;
			compatibilityVersion = "Xcode 9.3";
			developmentRegion = en;
			hasScannedForEncodings = 0;
			knownRegions = (
				en,
				Base,
			);
			mainGroup = 82CFE19B24500C20006F4DC4;
			productRefGroup = 82CFE1A524500C20006F4DC4 /* Products */;
			projectDirPath = "";
			projectRoot = "";
			targets = (
				82CFE1A324500C20006F4DC4 /* Baluchon */,
			);
		};
/* End PBXProject section */

/* Begin PBXResourcesBuildPhase section */
		82CFE1A224500C20006F4DC4 /* Resources */ = {
			isa = PBXResourcesBuildPhase;
			buildActionMask = 2147483647;
			files = (
				82CFE1B424500C21006F4DC4 /* LaunchScreen.storyboard in Resources */,
				82CFE1B124500C21006F4DC4 /* Assets.xcassets in Resources */,
				82CFE1AF24500C20006F4DC4 /* Main.storyboard in Resources */,
			);
			runOnlyForDeploymentPostprocessing = 0;
		};
/* End PBXResourcesBuildPhase section */

/* Begin PBXShellScriptBuildPhase section */
		82CFE1BB24500FAF006F4DC4 /* ShellScript */ = {
			isa = PBXShellScriptBuildPhase;
			buildActionMask = 2147483647;
			files = (
			);
			inputFileListPaths = (
			);
			inputPaths = (
			);
			outputFileListPaths = (
			);
			outputPaths = (
			);
			runOnlyForDeploymentPostprocessing = 0;
			shellPath = /bin/sh;
			shellScript = "if which swiftlint >/dev/null; then\n    swiftlint\nelse\n    echo \"warning: SwiftLint not installed, download from https://github.com/realm/SwiftLint\"\nfi\n";
		};
/* End PBXShellScriptBuildPhase section */

/* Begin PBXSourcesBuildPhase section */
		82CFE1A024500C20006F4DC4 /* Sources */ = {
			isa = PBXSourcesBuildPhase;
			buildActionMask = 2147483647;
			files = (
				82CFE1C024502725006F4DC4 /* TauxDeChangeViewController.swift in Sources */,
				823EBB312450318700A8A2EB /* AppSceneDelegate.swift in Sources */,
				8209A86424509961007CF776 /* ConverterService.swift in Sources */,
				82CFE1A824500C20006F4DC4 /* AppDelegate.swift in Sources */,
				826348EE2450B5B300FC892B /* APIKeyManager.swift in Sources */,
			);
			runOnlyForDeploymentPostprocessing = 0;
		};
/* End PBXSourcesBuildPhase section */

/* Begin PBXVariantGroup section */
		82CFE1AD24500C20006F4DC4 /* Main.storyboard */ = {
			isa = PBXVariantGroup;
			children = (
				82CFE1AE24500C20006F4DC4 /* Base */,
			);
			name = Main.storyboard;
			sourceTree = "<group>";
		};
		82CFE1B224500C21006F4DC4 /* LaunchScreen.storyboard */ = {
			isa = PBXVariantGroup;
			children = (
				82CFE1B324500C21006F4DC4 /* Base */,
			);
			name = LaunchScreen.storyboard;
			sourceTree = "<group>";
		};
/* End PBXVariantGroup section */

/* Begin XCBuildConfiguration section */
		82CFE1B624500C21006F4DC4 /* Debug */ = {
			isa = XCBuildConfiguration;
			buildSettings = {
				ALWAYS_SEARCH_USER_PATHS = NO;
				CLANG_ANALYZER_NONNULL = YES;
				CLANG_ANALYZER_NUMBER_OBJECT_CONVERSION = YES_AGGRESSIVE;
				CLANG_CXX_LANGUAGE_STANDARD = "gnu++14";
				CLANG_CXX_LIBRARY = "libc++";
				CLANG_ENABLE_MODULES = YES;
				CLANG_ENABLE_OBJC_ARC = YES;
				CLANG_ENABLE_OBJC_WEAK = YES;
				CLANG_WARN_BLOCK_CAPTURE_AUTORELEASING = YES;
				CLANG_WARN_BOOL_CONVERSION = YES;
				CLANG_WARN_COMMA = YES;
				CLANG_WARN_CONSTANT_CONVERSION = YES;
				CLANG_WARN_DEPRECATED_OBJC_IMPLEMENTATIONS = YES;
				CLANG_WARN_DIRECT_OBJC_ISA_USAGE = YES_ERROR;
				CLANG_WARN_DOCUMENTATION_COMMENTS = YES;
				CLANG_WARN_EMPTY_BODY = YES;
				CLANG_WARN_ENUM_CONVERSION = YES;
				CLANG_WARN_INFINITE_RECURSION = YES;
				CLANG_WARN_INT_CONVERSION = YES;
				CLANG_WARN_NON_LITERAL_NULL_CONVERSION = YES;
				CLANG_WARN_OBJC_IMPLICIT_RETAIN_SELF = YES;
				CLANG_WARN_OBJC_LITERAL_CONVERSION = YES;
				CLANG_WARN_OBJC_ROOT_CLASS = YES_ERROR;
				CLANG_WARN_RANGE_LOOP_ANALYSIS = YES;
				CLANG_WARN_STRICT_PROTOTYPES = YES;
				CLANG_WARN_SUSPICIOUS_MOVE = YES;
				CLANG_WARN_UNGUARDED_AVAILABILITY = YES_AGGRESSIVE;
				CLANG_WARN_UNREACHABLE_CODE = YES;
				CLANG_WARN__DUPLICATE_METHOD_MATCH = YES;
				COPY_PHASE_STRIP = NO;
				DEBUG_INFORMATION_FORMAT = dwarf;
				ENABLE_STRICT_OBJC_MSGSEND = YES;
				ENABLE_TESTABILITY = YES;
				GCC_C_LANGUAGE_STANDARD = gnu11;
				GCC_DYNAMIC_NO_PIC = NO;
				GCC_NO_COMMON_BLOCKS = YES;
				GCC_OPTIMIZATION_LEVEL = 0;
				GCC_PREPROCESSOR_DEFINITIONS = (
					"DEBUG=1",
					"$(inherited)",
				);
				GCC_WARN_64_TO_32_BIT_CONVERSION = YES;
				GCC_WARN_ABOUT_RETURN_TYPE = YES_ERROR;
				GCC_WARN_UNDECLARED_SELECTOR = YES;
				GCC_WARN_UNINITIALIZED_AUTOS = YES_AGGRESSIVE;
				GCC_WARN_UNUSED_FUNCTION = YES;
				GCC_WARN_UNUSED_VARIABLE = YES;
				IPHONEOS_DEPLOYMENT_TARGET = 13.4;
				MTL_ENABLE_DEBUG_INFO = INCLUDE_SOURCE;
				MTL_FAST_MATH = YES;
				ONLY_ACTIVE_ARCH = YES;
				SDKROOT = iphoneos;
				SWIFT_ACTIVE_COMPILATION_CONDITIONS = DEBUG;
				SWIFT_OPTIMIZATION_LEVEL = "-Onone";
			};
			name = Debug;
		};
		82CFE1B724500C21006F4DC4 /* Release */ = {
			isa = XCBuildConfiguration;
			buildSettings = {
				ALWAYS_SEARCH_USER_PATHS = NO;
				CLANG_ANALYZER_NONNULL = YES;
				CLANG_ANALYZER_NUMBER_OBJECT_CONVERSION = YES_AGGRESSIVE;
				CLANG_CXX_LANGUAGE_STANDARD = "gnu++14";
				CLANG_CXX_LIBRARY = "libc++";
				CLANG_ENABLE_MODULES = YES;
				CLANG_ENABLE_OBJC_ARC = YES;
				CLANG_ENABLE_OBJC_WEAK = YES;
				CLANG_WARN_BLOCK_CAPTURE_AUTORELEASING = YES;
				CLANG_WARN_BOOL_CONVERSION = YES;
				CLANG_WARN_COMMA = YES;
				CLANG_WARN_CONSTANT_CONVERSION = YES;
				CLANG_WARN_DEPRECATED_OBJC_IMPLEMENTATIONS = YES;
				CLANG_WARN_DIRECT_OBJC_ISA_USAGE = YES_ERROR;
				CLANG_WARN_DOCUMENTATION_COMMENTS = YES;
				CLANG_WARN_EMPTY_BODY = YES;
				CLANG_WARN_ENUM_CONVERSION = YES;
				CLANG_WARN_INFINITE_RECURSION = YES;
				CLANG_WARN_INT_CONVERSION = YES;
				CLANG_WARN_NON_LITERAL_NULL_CONVERSION = YES;
				CLANG_WARN_OBJC_IMPLICIT_RETAIN_SELF = YES;
				CLANG_WARN_OBJC_LITERAL_CONVERSION = YES;
				CLANG_WARN_OBJC_ROOT_CLASS = YES_ERROR;
				CLANG_WARN_RANGE_LOOP_ANALYSIS = YES;
				CLANG_WARN_STRICT_PROTOTYPES = YES;
				CLANG_WARN_SUSPICIOUS_MOVE = YES;
				CLANG_WARN_UNGUARDED_AVAILABILITY = YES_AGGRESSIVE;
				CLANG_WARN_UNREACHABLE_CODE = YES;
				CLANG_WARN__DUPLICATE_METHOD_MATCH = YES;
				COPY_PHASE_STRIP = NO;
				DEBUG_INFORMATION_FORMAT = "dwarf-with-dsym";
				ENABLE_NS_ASSERTIONS = NO;
				ENABLE_STRICT_OBJC_MSGSEND = YES;
				GCC_C_LANGUAGE_STANDARD = gnu11;
				GCC_NO_COMMON_BLOCKS = YES;
				GCC_WARN_64_TO_32_BIT_CONVERSION = YES;
				GCC_WARN_ABOUT_RETURN_TYPE = YES_ERROR;
				GCC_WARN_UNDECLARED_SELECTOR = YES;
				GCC_WARN_UNINITIALIZED_AUTOS = YES_AGGRESSIVE;
				GCC_WARN_UNUSED_FUNCTION = YES;
				GCC_WARN_UNUSED_VARIABLE = YES;
				IPHONEOS_DEPLOYMENT_TARGET = 13.4;
				MTL_ENABLE_DEBUG_INFO = NO;
				MTL_FAST_MATH = YES;
				SDKROOT = iphoneos;
				SWIFT_COMPILATION_MODE = wholemodule;
				SWIFT_OPTIMIZATION_LEVEL = "-O";
				VALIDATE_PRODUCT = YES;
			};
			name = Release;
		};
		82CFE1B924500C21006F4DC4 /* Debug */ = {
			isa = XCBuildConfiguration;
			buildSettings = {
				ASSETCATALOG_COMPILER_APPICON_NAME = AppIcon;
				CODE_SIGN_STYLE = Automatic;
				DEVELOPMENT_TEAM = Y76M773K4Z;
				INFOPLIST_FILE = Baluchon/Info.plist;
				IPHONEOS_DEPLOYMENT_TARGET = 11.0;
				LD_RUNPATH_SEARCH_PATHS = (
					"$(inherited)",
					"@executable_path/Frameworks",
				);
				PRODUCT_BUNDLE_IDENTIFIER = com.Madaragog.Baluchon;
				PRODUCT_NAME = "$(TARGET_NAME)";
				SWIFT_VERSION = 5.0;
				TARGETED_DEVICE_FAMILY = 1;
			};
			name = Debug;
		};
		82CFE1BA24500C21006F4DC4 /* Release */ = {
			isa = XCBuildConfiguration;
			buildSettings = {
				ASSETCATALOG_COMPILER_APPICON_NAME = AppIcon;
				CODE_SIGN_STYLE = Automatic;
				DEVELOPMENT_TEAM = Y76M773K4Z;
				INFOPLIST_FILE = Baluchon/Info.plist;
				IPHONEOS_DEPLOYMENT_TARGET = 11.0;
				LD_RUNPATH_SEARCH_PATHS = (
					"$(inherited)",
					"@executable_path/Frameworks",
				);
				PRODUCT_BUNDLE_IDENTIFIER = com.Madaragog.Baluchon;
				PRODUCT_NAME = "$(TARGET_NAME)";
				SWIFT_VERSION = 5.0;
				TARGETED_DEVICE_FAMILY = 1;
			};
			name = Release;
		};
/* End XCBuildConfiguration section */

/* Begin XCConfigurationList section */
		82CFE19F24500C20006F4DC4 /* Build configuration list for PBXProject "Baluchon" */ = {
			isa = XCConfigurationList;
			buildConfigurations = (
				82CFE1B624500C21006F4DC4 /* Debug */,
				82CFE1B724500C21006F4DC4 /* Release */,
			);
			defaultConfigurationIsVisible = 0;
			defaultConfigurationName = Release;
		};
		82CFE1B824500C21006F4DC4 /* Build configuration list for PBXNativeTarget "Baluchon" */ = {
			isa = XCConfigurationList;
			buildConfigurations = (
				82CFE1B924500C21006F4DC4 /* Debug */,
				82CFE1BA24500C21006F4DC4 /* Release */,
			);
			defaultConfigurationIsVisible = 0;
			defaultConfigurationName = Release;
		};
/* End XCConfigurationList section */
	};
	rootObject = 82CFE19C24500C20006F4DC4 /* Project object */;
}
